# THIS IS AN AUTOGENERATED FILE. DO NOT EDIT THIS FILE DIRECTLY.
# yarn lockfile v1


orderedmap@^1.0.0:
  version "1.0.0"
  resolved "https://registry.yarnpkg.com/orderedmap/-/orderedmap-1.0.0.tgz#d90fc2ba1ed085190907d601dec6e6a53f8d41ba"
  integrity sha1-2Q/Cuh7QhRkJB9YB3sbmpT+NQbo=

prosemirror-commands@^1.0.8:
  version "1.0.8"
  resolved "https://registry.yarnpkg.com/prosemirror-commands/-/prosemirror-commands-1.0.8.tgz#3b21e8b2f2e1c04ddb831b2d4055084b6d627bcc"
  integrity sha512-P9QdkYYBHWsrJ1JztQuHgeZS7DPCcijQduOj9oxFiqK8Fm6eTsVHzU1IwiRBe+FlK7tyQaerhu/F5K8sqnZ1Cw==
  dependencies:
    prosemirror-model "^1.0.0"
    prosemirror-state "^1.0.0"
    prosemirror-transform "^1.0.0"

prosemirror-dropcursor@^1.1.1:
  version "1.1.1"
  resolved "https://registry.yarnpkg.com/prosemirror-dropcursor/-/prosemirror-dropcursor-1.1.1.tgz#c60ed1ed6c58804a06a75db06a0d993b087b7622"
  integrity sha512-GeUyMO/tOEf8MXrP7Xb7UIMrfK86OGh0fnyBrHfhav4VjY9cw65mNoqHy87CklE5711AhCP5Qzfp8RL/hVKusg==
  dependencies:
    prosemirror-state "^1.0.0"
    prosemirror-transform "^1.1.0"
    prosemirror-view "^1.1.0"

prosemirror-gapcursor@^1.0.4:
  version "1.0.4"
  resolved "https://registry.yarnpkg.com/prosemirror-gapcursor/-/prosemirror-gapcursor-1.0.4.tgz#4ba663fb8511616e18ad222c904403cfbf6866dc"
  integrity sha512-k021MtJibWs3NaJI6S9tCXfTZ/kaugFZBndHkkWx3Zfk0QDUO6JfVATpflxADN6DUkRwJ7qWyHlLDWu71hxHFQ==
  dependencies:
    prosemirror-keymap "^1.0.0"
    prosemirror-model "^1.0.0"
    prosemirror-state "^1.0.0"
    prosemirror-view "^1.0.0"

prosemirror-inputrules@^1.0.4:
  version "1.0.4"
  resolved "https://registry.yarnpkg.com/prosemirror-inputrules/-/prosemirror-inputrules-1.0.4.tgz#8ae84d9c147abb448b86063ff422e801c4b1658d"
  integrity sha512-RhuBghqUgYWm8ai/P+k1lMl1ZGvt6Cs3Xeur8oN0L1Yy+Z5GmsTp3fT8RVl+vJeGkItEAxAit9Qh7yZxixX7rA==
  dependencies:
    prosemirror-state "^1.0.0"
    prosemirror-transform "^1.0.0"

prosemirror-keymap@^1.0.0, prosemirror-keymap@^1.0.1:
  version "1.0.1"
  resolved "https://registry.yarnpkg.com/prosemirror-keymap/-/prosemirror-keymap-1.0.1.tgz#03ef32b828e3a859dfb570eb84928bf2e5330bc2"
  integrity sha512-e79ApE7PXXZMFtPz7WbjycjAFd1NPjgY1MkecVz98tqwlBSggXWXYQnWFk6x7UkmnBYRHHbXHkR/RXmu2wyBJg==
  dependencies:
    prosemirror-state "^1.0.0"
    w3c-keyname "^1.1.8"

prosemirror-model@^1.0.0, prosemirror-model@^1.1.0, prosemirror-model@^1.7.1:
  version "1.7.1"
  resolved "https://registry.yarnpkg.com/prosemirror-model/-/prosemirror-model-1.7.1.tgz#f140a6e366e1e283aa7a94dbb8c2c7d13139689e"
  integrity sha512-hYrZPbJvdo2QWERmkCuS80BEf5Rcf3+S28ETr4xu8XKPYjmU6aeQn23G1Fu/2rwqUmk5ZyWYo2nyEsN+Cdv2Qg==
  dependencies:
    orderedmap "^1.0.0"

prosemirror-schema-list@^1.0.3:
  version "1.0.3"
  resolved "https://registry.yarnpkg.com/prosemirror-schema-list/-/prosemirror-schema-list-1.0.3.tgz#539caafa4f9314000943bd783be4017165ec0bd6"
  integrity sha512-+zzSawVds8LsZpl/bLTCYk2lYactF93W219Czh81zBILikCRDOHjp1CQ1os4ZXBp6LlD+JnBqF1h59Q+hilOoQ==
  dependencies:
    prosemirror-model "^1.0.0"
    prosemirror-transform "^1.0.0"

prosemirror-state@^1.0.0, prosemirror-state@^1.2.4:
  version "1.2.4"
  resolved "https://registry.yarnpkg.com/prosemirror-state/-/prosemirror-state-1.2.4.tgz#aab932ebb33a0f27c256abce6fc20da8ca77ad5e"
  integrity sha512-ViXpXond3BbSL12ENARQGq3Y8igwFMbTcy96xUNK8kfIcfQRlYlgYrBPXIkHC5+QZtbPrYlpuJ2+QyeSlSX9Cw==
  dependencies:
    prosemirror-model "^1.0.0"
    prosemirror-transform "^1.0.0"

prosemirror-tables@^0.9.1:
  version "0.9.1"
  resolved "https://registry.yarnpkg.com/prosemirror-tables/-/prosemirror-tables-0.9.1.tgz#1669100ee9f64b0c269824dcd1c0584c66075acb"
  integrity sha512-n5h2OvlnQGsW1ToT1WOIlemV/3PDw4miUQoHEpawOk2oDhi46czKdzEg/rq3z0f/aZ3CwoyxviuqAZChBILC4A==
  dependencies:
    prosemirror-keymap "^1.0.0"
    prosemirror-model "^1.0.0"
    prosemirror-state "^1.0.0"
    prosemirror-transform "^1.0.0"
    prosemirror-view "^1.0.0"

prosemirror-transform@^1.0.0, prosemirror-transform@^1.1.0:
  version "1.1.3"
  resolved "https://registry.yarnpkg.com/prosemirror-transform/-/prosemirror-transform-1.1.3.tgz#28cfdf1f9ee514edc40466be7b7db39eed545fdf"
  integrity sha512-1O6Di5lOL1mp4nuCnQNkHY7l2roIW5y8RH4ZG3hMYmkmDEWzTaFFnxxAAHsE5ipGLBSRcTlP7SsDhYBIdSuLpQ==
  dependencies:
    prosemirror-model "^1.0.0"

prosemirror-utils@^0.9.6:
  version "0.9.6"
  resolved "https://registry.yarnpkg.com/prosemirror-utils/-/prosemirror-utils-0.9.6.tgz#3d97bd85897e3b535555867dc95a51399116a973"
  integrity sha512-UC+j9hQQ1POYfMc5p7UFxBTptRiGPR7Kkmbl3jVvU8VgQbkI89tR/GK+3QYC8n+VvBZrtAoCrJItNhWSxX3slA==

prosemirror-view@^1.0.0, prosemirror-view@^1.1.0, prosemirror-view@^1.10.0:
  version "1.10.0"
  resolved "https://registry.yarnpkg.com/prosemirror-view/-/prosemirror-view-1.10.0.tgz#7de5de75f0c90f8b9f09d09ed4467554d59adddb"
  integrity sha512-STHw0xHfk+XPMqMLTKykRL1qEMtO+n1GWINBl94IPIq82AmWO1Ors4wVw93HKo/oIadWRrP/7faNJKh1UVLrTg==
  dependencies:
    prosemirror-model "^1.1.0"
    prosemirror-state "^1.0.0"
    prosemirror-transform "^1.1.0"

tiptap-commands@^1.11.0:
  version "1.11.0"
  resolved "https://registry.yarnpkg.com/tiptap-commands/-/tiptap-commands-1.11.0.tgz#8c259e93d70447e93cedefcfa73a36301cd60a81"
  integrity sha512-WDX3JfI6Z80CCxkDfKUn6ya2UT3r1AM/McbB63oXq6iUyY5wZmw+qu/9LkSe3aISRTy9tfUKzJLjB7w9UnQ9Ig==
  dependencies:
    prosemirror-commands "^1.0.8"
    prosemirror-inputrules "^1.0.4"
    prosemirror-model "^1.7.1"
    prosemirror-schema-list "^1.0.3"
    prosemirror-state "^1.2.4"
    prosemirror-tables "^0.9.1"
    prosemirror-utils "^0.9.6"
    tiptap-utils "^1.7.0"

tiptap-utils@^1.7.0:
  version "1.7.0"
  resolved "https://registry.yarnpkg.com/tiptap-utils/-/tiptap-utils-1.7.0.tgz#eb9d1f9e6be7b2e6b50b8aaf0bb47f1a68266b41"
  integrity sha512-nJUrzR2cf+kcPyE2bIfzjnOewOynLm9kofQPIk2tMYwXfsgeNvYhMIbul4AJPYNoYyOLGUQ+vGpF6/5eUtC2Ew==
  dependencies:
    prosemirror-model "^1.7.1"
    prosemirror-state "^1.2.4"
    prosemirror-tables "^0.9.1"
    prosemirror-utils "^0.9.6"

w3c-keyname@^1.1.8:
  version "1.1.8"
  resolved "https://registry.yarnpkg.com/w3c-keyname/-/w3c-keyname-1.1.8.tgz#4e2219663760fd6535b7a1550f1552d71fc9372c"
  integrity sha512-2HAdug8GTiu3b4NYhssdtY8PXRue3ICnh1IlxvZYl+hiINRq0GfNWei3XOPDg8L0PsxbmYjWVLuLj6BMRR/9vA==
