# THIS IS AN AUTOGENERATED FILE. DO NOT EDIT THIS FILE DIRECTLY.
# yarn lockfile v1


fault@^1.0.2:
  version "1.0.3"
  resolved "https://registry.yarnpkg.com/fault/-/fault-1.0.3.tgz#4da88cf979b6b792b4e13c7ec836767725170b7e"
  integrity sha512-sfFuP4X0hzrbGKjAUNXYvNqsZ5F6ohx/dZ9I0KQud/aiZNwg263r5L9yGB0clvXHCkzXh5W3t7RSHchggYIFmA==
  dependencies:
    format "^0.2.2"

format@^0.2.2:
  version "0.2.2"
  resolved "https://registry.yarnpkg.com/format/-/format-0.2.2.tgz#d6170107e9efdc4ed30c9dc39016df942b5cb58b"
  integrity sha1-1hcBB+nv3E7TDJ3DkBbflCtctYs=

highlight.js@~9.16.0:
  version "9.16.2"
  resolved "https://registry.yarnpkg.com/highlight.js/-/highlight.js-9.16.2.tgz#68368d039ffe1c6211bcc07e483daf95de3e403e"
  integrity sha512-feMUrVLZvjy0oC7FVJQcSQRqbBq9kwqnYE4+Kj9ZjbHh3g+BisiPgF49NyQbVLNdrL/qqZr3Ca9yOKwgn2i/tw==

lowlight@^1.13.0:
  version "1.13.0"
  resolved "https://registry.yarnpkg.com/lowlight/-/lowlight-1.13.0.tgz#9b4fd00559985e40e11c916ccab14c7c0cf4320d"
  integrity sha512-bFXLa+UO1eM3zieFAcNqf6rTQ1D5ERFv64/euQbbH/LT3U9XXwH6tOrgUAGWDsQ1QgN3ZhgOcv8p3/S+qKGdTQ==
  dependencies:
    fault "^1.0.2"
    highlight.js "~9.16.0"

orderedmap@^1.0.0:
  version "1.0.0"
  resolved "https://registry.yarnpkg.com/orderedmap/-/orderedmap-1.0.0.tgz#d90fc2ba1ed085190907d601dec6e6a53f8d41ba"
  integrity sha1-2Q/Cuh7QhRkJB9YB3sbmpT+NQbo=

orderedmap@^1.1.0:
  version "1.1.0"
  resolved "https://registry.yarnpkg.com/orderedmap/-/orderedmap-1.1.0.tgz#dc41a147130b51e203e8523ea5ea57724af2b63d"
  integrity sha512-abUlPCcmyI/17BWWoUWeAbnniTFUZuczP6iowD9XMBcUoD9jRtUO6w+KXkw64TDk+iHdyDfTAjIH7mTRzhXcaw==

prosemirror-collab@^1.2.2:
  version "1.2.2"
  resolved "https://registry.yarnpkg.com/prosemirror-collab/-/prosemirror-collab-1.2.2.tgz#8d2c0e82779cfef5d051154bd0836428bd6d9c4a"
  integrity sha512-tBnHKMLgy5Qmx9MYVcLfs3pAyjtcqYYDd9kp3y+LSiQzkhMQDfZSV3NXWe4Gsly32adSef173BvObwfoSQL5MA==
  dependencies:
    prosemirror-state "^1.0.0"

prosemirror-commands@1.1.2:
  version "1.1.2"
  resolved "https://registry.yarnpkg.com/prosemirror-commands/-/prosemirror-commands-1.1.2.tgz#6868cabc9f9112fba94c805139473527774b0dea"
  integrity sha512-JBa06kjgX67d9JVUVJbCkxwvSGtQnWAN/85nq9csOMS5Z9WZLEvVDtVvZranNlu8l/XNVBWrZxOOK+pB03eTfA==
  dependencies:
    prosemirror-model "^1.0.0"
    prosemirror-state "^1.0.0"
    prosemirror-transform "^1.0.0"

prosemirror-history@^1.1.3:
  version "1.1.3"
  resolved "https://registry.yarnpkg.com/prosemirror-history/-/prosemirror-history-1.1.3.tgz#4f76a1e71db4ef7cdf0e13dec6d8da2aeaecd489"
  integrity sha512-zGDotijea+vnfnyyUGyiy1wfOQhf0B/b6zYcCouBV8yo6JmrE9X23M5q7Nf/nATywEZbgRLG70R4DmfSTC+gfg==
  dependencies:
    prosemirror-state "^1.2.2"
    prosemirror-transform "^1.0.0"
    rope-sequence "^1.3.0"

prosemirror-inputrules@1.1.2:
  version "1.1.2"
  resolved "https://registry.yarnpkg.com/prosemirror-inputrules/-/prosemirror-inputrules-1.1.2.tgz#487e46c763e1212a4577397aba7706139084f012"
  integrity sha512-Ja5Z3BWestlHYGvtSGqyvxMeB8QEuBjlHM8YnKtLGUXMDp965qdDV4goV8lJb17kIWHk7e7JNj6Catuoa3302g==
  dependencies:
    prosemirror-state "^1.0.0"
    prosemirror-transform "^1.0.0"

prosemirror-keymap@^1.1.2:
  version "1.1.3"
  resolved "https://registry.yarnpkg.com/prosemirror-keymap/-/prosemirror-keymap-1.1.3.tgz#be22d6108df2521608e9216a87b1a810f0ed361e"
  integrity sha512-PRA4NzkUMzV/NFf5pyQ6tmlIHiW/qjQ1kGWUlV2rF/dvlOxtpGpTEjIMhWgLuMf+HiDEFnUEP7uhYXu+t+491g==
  dependencies:
    prosemirror-state "^1.0.0"
    w3c-keyname "^2.2.0"

prosemirror-model@1.8.2, prosemirror-model@^1.8.1, prosemirror-model@^1.8.2:
  version "1.8.2"
  resolved "https://registry.yarnpkg.com/prosemirror-model/-/prosemirror-model-1.8.2.tgz#c74eaacb0bbfea49b59a6d89fef5516181666a56"
  integrity sha512-piffokzW7opZVCjf/9YaoXvTC0g7zMRWKJib1hpphPfC+4x6ZXe5CiExgycoWZJe59VxxP7uHX8aFiwg2i9mUQ==
  dependencies:
    orderedmap "^1.1.0"

prosemirror-model@^1.0.0, prosemirror-model@^1.1.0:
  version "1.7.1"
  resolved "https://registry.yarnpkg.com/prosemirror-model/-/prosemirror-model-1.7.1.tgz#f140a6e366e1e283aa7a94dbb8c2c7d13139689e"
  integrity sha512-hYrZPbJvdo2QWERmkCuS80BEf5Rcf3+S28ETr4xu8XKPYjmU6aeQn23G1Fu/2rwqUmk5ZyWYo2nyEsN+Cdv2Qg==
  dependencies:
    orderedmap "^1.0.0"

prosemirror-schema-list@1.1.2:
  version "1.1.2"
  resolved "https://registry.yarnpkg.com/prosemirror-schema-list/-/prosemirror-schema-list-1.1.2.tgz#310809209094b03425da7f5c337105074913da6c"
  integrity sha512-dgM9PwtM4twa5WsgSYMB+J8bwjnR43DAD3L9MsR9rKm/nZR5Y85xcjB7gusVMSsbQ2NomMZF03RE6No6mTnclQ==
  dependencies:
    prosemirror-model "^1.0.0"
    prosemirror-transform "^1.0.0"

prosemirror-state@1.3.2, prosemirror-state@^1.3.1, prosemirror-state@^1.3.2:
  version "1.3.2"
  resolved "https://registry.yarnpkg.com/prosemirror-state/-/prosemirror-state-1.3.2.tgz#1b910b0dc01c1f00926bb9ba1589f7b7ac0d658b"
  integrity sha512-t/JqE3aR0SV9QrzFVkAXsQwsgrQBNs/BDbcFH20RssW0xauqNNdjTXxy/J/kM7F+0zYi6+BRmz7cMMQQFU3mwQ==
  dependencies:
    prosemirror-model "^1.0.0"
    prosemirror-transform "^1.0.0"

prosemirror-state@^1.0.0, prosemirror-state@^1.2.2:
  version "1.2.4"
  resolved "https://registry.yarnpkg.com/prosemirror-state/-/prosemirror-state-1.2.4.tgz#aab932ebb33a0f27c256abce6fc20da8ca77ad5e"
  integrity sha512-ViXpXond3BbSL12ENARQGq3Y8igwFMbTcy96xUNK8kfIcfQRlYlgYrBPXIkHC5+QZtbPrYlpuJ2+QyeSlSX9Cw==
  dependencies:
    prosemirror-model "^1.0.0"
    prosemirror-transform "^1.0.0"

prosemirror-tables@1.0.0, prosemirror-tables@^1.0.0:
  version "1.0.0"
  resolved "https://registry.yarnpkg.com/prosemirror-tables/-/prosemirror-tables-1.0.0.tgz#ec3d0b11e638c6a92dd14ae816d0a2efd1719b70"
  integrity sha512-zFw5Us4G5Vdq0yIj8GiqZOGA6ud5UKpMKElux9O0HrfmhkuGa1jf1PCpz2R5pmIQJv+tIM24H1mox/ODBAX37Q==
  dependencies:
    prosemirror-keymap "^1.1.2"
    prosemirror-model "^1.8.1"
    prosemirror-state "^1.3.1"
    prosemirror-transform "^1.2.1"
    prosemirror-view "^1.13.3"

prosemirror-transform@^1.0.0, prosemirror-transform@^1.1.0:
  version "1.1.3"
  resolved "https://registry.yarnpkg.com/prosemirror-transform/-/prosemirror-transform-1.1.3.tgz#28cfdf1f9ee514edc40466be7b7db39eed545fdf"
  integrity sha512-1O6Di5lOL1mp4nuCnQNkHY7l2roIW5y8RH4ZG3hMYmkmDEWzTaFFnxxAAHsE5ipGLBSRcTlP7SsDhYBIdSuLpQ==
  dependencies:
    prosemirror-model "^1.0.0"

prosemirror-transform@^1.2.1, prosemirror-transform@^1.2.3:
  version "1.2.3"
  resolved "https://registry.yarnpkg.com/prosemirror-transform/-/prosemirror-transform-1.2.3.tgz#239d17591af24d39ef3f1999daa09e1f1c76b06a"
  integrity sha512-PUfayeskQfuUBXktvL6207ZWRwHBFNPNPiek4fR+LgCPnBofuEb2+L0FfbNtrAwffHVs6M3DaFvJB1W2VQdV0A==
  dependencies:
    prosemirror-model "^1.0.0"

prosemirror-utils@0.9.6, prosemirror-utils@^0.9.6:
  version "0.9.6"
  resolved "https://registry.yarnpkg.com/prosemirror-utils/-/prosemirror-utils-0.9.6.tgz#3d97bd85897e3b535555867dc95a51399116a973"
  integrity sha512-UC+j9hQQ1POYfMc5p7UFxBTptRiGPR7Kkmbl3jVvU8VgQbkI89tR/GK+3QYC8n+VvBZrtAoCrJItNhWSxX3slA==

prosemirror-view@^1.13.3, prosemirror-view@^1.13.7:
  version "1.13.7"
  resolved "https://registry.yarnpkg.com/prosemirror-view/-/prosemirror-view-1.13.7.tgz#d1f75a12f04e0b537a4cd2f0708326b4663b0a43"
  integrity sha512-P9Vrxe5/PJ68rJi/665NYAdj9hs9iXvvDo4OxD4G0rVmt4lna/n+H7BW1gT/ItDXdNR+LiU8c1mf/TX5RkJbxA==
  dependencies:
    prosemirror-model "^1.1.0"
    prosemirror-state "^1.0.0"
    prosemirror-transform "^1.1.0"

rope-sequence@^1.3.0:
  version "1.3.0"
  resolved "https://registry.yarnpkg.com/rope-sequence/-/rope-sequence-1.3.0.tgz#7b8bc1db96f8696f93db05282f799c6078eacce2"
  integrity sha512-F+Y/pOSJn+illq+2dl2SqJYLil4lll3300mG3ISK3XNa1Ir0Kq+W1Ti0sWOeQGThm15bZsGDXyWF3osZJJ7x8Q==

tiptap-commands@^1.12.5:
  version "1.12.5"
  resolved "https://registry.yarnpkg.com/tiptap-commands/-/tiptap-commands-1.12.5.tgz#d2bd1adcc79fe47938bd64b91b6dec4688a88086"
  integrity sha512-wzQCH3CL1VWy6E47Hy+9kt882w7SND+FD9e9xAAsYhG/QI0cmuvAf/8doZZhUmYwkraYeF7/2bU04IXr36t44Q==
  dependencies:
    prosemirror-commands "1.1.2"
    prosemirror-inputrules "1.1.2"
    prosemirror-model "1.8.2"
    prosemirror-schema-list "1.1.2"
    prosemirror-state "1.3.2"
    prosemirror-tables "1.0.0"
    prosemirror-utils "0.9.6"
    tiptap-utils "^1.8.3"

tiptap-utils@^1.8.3:
  version "1.8.3"
  resolved "https://registry.yarnpkg.com/tiptap-utils/-/tiptap-utils-1.8.3.tgz#fdfc8f7888f6e9ed0dae081f5f66b9f5429608a9"
  integrity sha512-SgqDTCA5ux17KKTpEV2YC54ugBWU2jzpiFlCmVckPjYl5BhmOwuJ1Q5H/8v/XGcnHDqP31Ui4lk31Vts4NmtTA==
  dependencies:
    prosemirror-model "1.8.2"
    prosemirror-state "1.3.2"
    prosemirror-tables "1.0.0"
    prosemirror-utils "0.9.6"

w3c-keyname@^2.2.0:
  version "2.2.1"
  resolved "https://registry.yarnpkg.com/w3c-keyname/-/w3c-keyname-2.2.1.tgz#c4fe1a4b9e303c95e833b3d854b7d81070400db9"
  integrity sha512-j5k4xGK6k8TCna/08778KUEL98WvTogiG/TN/YStl8GNeXg5tI3Dvq3+JjwJhP4l7ogs6KWo1VYEdc1Qaioy3Q==
